
Microsoft Visual Studio Solution File, Format Version 12.00
# Visual Studio Version 16
VisualStudioVersion = 16.0.29503.13
MinimumVisualStudioVersion = 10.0.40219.1
Project("{FAE04EC0-301F-11D3-BF4B-00C04F79EFBC}") = "BlazorCRUD", "BlazorCRUD\BlazorCRUD.csproj", "{5A9CA615-24C5-4473-ACEA-BFA0A5395FF2}"
EndProject
Global
	GlobalSection(SolutionConfigurationPlatforms) = preSolution
		Debug|Any CPU = Debug|Any CPU
		Release|Any CPU = Release|Any CPU
	EndGlobalSection
	GlobalSection(ProjectConfigurationPlatforms) = postSolution
		{5A9CA615-24C5-4473-ACEA-BFA0A5395FF2}.Debug|Any CPU.ActiveCfg = Debug|Any CPU
		{5A9CA615-24C5-4473-ACEA-BFA0A5395FF2}.Debug|Any CPU.Build.0 = Debug|Any CPU
		{5A9CA615-24C5-4473-ACEA-BFA0A5395FF2}.Release|Any CPU.ActiveCfg = Release|Any CPU
		{5A9CA615-24C5-4473-ACEA-BFA0A5395FF2}.Release|Any CPU.Build.0 = Release|Any CPU
	EndGlobalSection
	GlobalSection(SolutionProperties) = preSolution
		HideSolutionNode = FALSE
	EndGlobalSection
	GlobalSection(ExtensibilityGlobals) = postSolution
		SolutionGuid = {106A2044-E5ED-4B82-875D-D620D391BAE0}
	EndGlobalSection
EndGlobal
